
Microsoft Visual Studio Solution File, Format Version 12.00
# Visual Studio Version 17
VisualStudioVersion = 17.4.33403.182
MinimumVisualStudioVersion = 10.0.40219.1
Project("{FAE04EC0-301F-11D3-BF4B-00C04F79EFBC}") = "DanamicGrid", "DanamicGrid\DanamicGrid.csproj", "{14231631-9673-4992-8209-CAFD76B66C4A}"
EndProject
Global
	GlobalSection(SolutionConfigurationPlatforms) = preSolution
		Debug|Any CPU = Debug|Any CPU
		Release|Any CPU = Release|Any CPU
	EndGlobalSection
	GlobalSection(ProjectConfigurationPlatforms) = postSolution
		{14231631-9673-4992-8209-CAFD76B66C4A}.Debug|Any CPU.ActiveCfg = Debug|Any CPU
		{14231631-9673-4992-8209-CAFD76B66C4A}.Debug|Any CPU.Build.0 = Debug|Any CPU
		{14231631-9673-4992-8209-CAFD76B66C4A}.Release|Any CPU.ActiveCfg = Release|Any CPU
		{14231631-9673-4992-8209-CAFD76B66C4A}.Release|Any CPU.Build.0 = Release|Any CPU
	EndGlobalSection
	GlobalSection(SolutionProperties) = preSolution
		HideSolutionNode = FALSE
	EndGlobalSection
	GlobalSection(ExtensibilityGlobals) = postSolution
		SolutionGuid = {424EDC22-8FF7-4046-B885-EB524084AD0C}
	EndGlobalSection
EndGlobal
